{
  "name": "@epic-web/totp",
  "version": "0.0.0-semantically-released",
  "lockfileVersion": 3,
  "requires": true,
  "packages": {
    "": {
      "name": "@epic-web/totp",
      "version": "0.0.0-semantically-released",
      "license": "MIT",
      "dependencies": {
        "thirty-two": "^1.0.2"
      },
      "devDependencies": {
        "@types/node": "^20.4.5"
      },
      "engines": {
        "node": ">=18"
      }
    },
    "node_modules/@types/node": {
      "version": "20.14.15",
      "resolved": "https://registry.npmjs.org/@types/node/-/node-20.14.15.tgz",
      "integrity": "sha512-Fz1xDMCF/B00/tYSVMlmK7hVeLh7jE5f3B7X1/hmV0MJBwE27KlS7EvD/Yp+z1lm8mVhwV5w+n8jOZG8AfTlKw==",
      "dev": true,
      "license": "MIT",
      "dependencies": {
        "undici-types": "~5.26.4"
      }
    },
    "node_modules/thirty-two": {
      "version": "1.0.2",
      "resolved": "https://registry.npmjs.org/thirty-two/-/thirty-two-1.0.2.tgz",
      "integrity": "sha512-OEI0IWCe+Dw46019YLl6V10Us5bi574EvlJEOcAkB29IzQ/mYD1A6RyNHLjZPiHCmuodxvgF6U+vZO1L15lxVA==",
      "engines": {
        "node": ">=0.2.6"
      }
    },
    "node_modules/undici-types": {
      "version": "5.26.5",
      "resolved": "https://registry.npmjs.org/undici-types/-/undici-types-5.26.5.tgz",
      "integrity": "sha512-JlCMO+ehdEIKqlFxk6IfVoAUVmgz7cU7zD/h9XZ0qzeosSHmUJVOzSQvvYSYWXkFXC+IfLKSIffhv0sVZup6pA==",
      "dev": true,
      "license": "MIT"
    }
  }
}
